<?xml version="1.0" encoding="utf-8"?>
<Project ToolsVersion="4.0" xmlns="http://schemas.microsoft.com/developer/msbuild/2003">
  <ItemGroup>
    <Filter Include="source">
      <UniqueIdentifier>{2f0b409f-8933-4481-9320-1c06de27ee85}</UniqueIdentifier>
      <Extensions>cpp;c;cxx;def;odl;idl;hpj;bat;asm</Extensions>
    </Filter>
    <Filter Include="include">
      <UniqueIdentifier>{ef0a22ce-ca33-4567-8e05-8de22fbd5420}</UniqueIdentifier>
      <Extensions>h;hpp;hxx;hm;inl;inc</Extensions>
    </Filter>
    <Filter Include="source\resource">
      <UniqueIdentifier>{f9a03081-0b8d-4c0f-82e3-14cd84abe2e6}</UniqueIdentifier>
      <Extensions>rc;ico;cur;bmp;dlg;rc2;rct;bin;rgs;jpg;jpeg;jpe;png;manifest</Extensions>
    </Filter>
  </ItemGroup>
  <ItemGroup>
    <Image Include="res\NameRunner.ico">
      <Filter>source\resource</Filter>
    </Image>
    <Image Include="..\Resources\CloseSelected.png">
      <Filter>source\resource</Filter>
    </Image>
    <Image Include="..\Resources\CloseNormal.png">
      <Filter>source\resource</Filter>
    </Image>
    <Image Include="..\Resources\HelloWorld.png">
      <Filter>source\resource</Filter>
    </Image>
  </ItemGroup>
  <ItemGroup>
    <ResourceCompile Include="NameRunner.rc">
      <Filter>source\resource</Filter>
    </ResourceCompile>
  </ItemGroup>
  <ItemGroup>
    <ClInclude Include="resource.h">
      <Filter>include</Filter>
    </ClInclude>
    <ClInclude Include="main.h">
      <Filter>include</Filter>
    </ClInclude>
    <ClInclude Include="..\Classes\AppDelegate.h">
      <Filter>include</Filter>
    </ClInclude>
    <ClInclude Include="..\Classes\GameScene.h">
      <Filter>include</Filter>
    </ClInclude>
    <ClInclude Include="Character.h">
      <Filter>include</Filter>
    </ClInclude>
    <ClInclude Include="Map.h">
      <Filter>include</Filter>
    </ClInclude>
    <ClInclude Include="itemManager.h">
      <Filter>include</Filter>
    </ClInclude>
    <ClInclude Include="Score.h">
      <Filter>include</Filter>
    </ClInclude>
    <ClInclude Include="MainmenuScene.h">
      <Filter>include</Filter>
    </ClInclude>
    <ClInclude Include="StrategyOfficeScene.h">
      <Filter>include</Filter>
    </ClInclude>
    <ClInclude Include="OptionScene.h">
      <Filter>include</Filter>
    </ClInclude>
    <ClInclude Include="GameSelectScene.h">
      <Filter>include</Filter>
    </ClInclude>
    <ClInclude Include="RankScene.h">
      <Filter>include</Filter>
    </ClInclude>
    <ClInclude Include="ItemSelectScene.h">
      <Filter>include</Filter>
    </ClInclude>
    <ClInclude Include="CharacterSelectScene.h">
      <Filter>include</Filter>
    </ClInclude>
    <ClInclude Include="temp.h">
      <Filter>include</Filter>
    </ClInclude>
    <ClInclude Include="global.h">
      <Filter>include</Filter>
    </ClInclude>
  </ItemGroup>
  <ItemGroup>
    <ClCompile Include="main.cpp">
      <Filter>source</Filter>
    </ClCompile>
    <ClCompile Include="..\Classes\AppDelegate.cpp">
      <Filter>source</Filter>
    </ClCompile>
    <ClCompile Include="..\Classes\GameScene.cpp">
      <Filter>source</Filter>
    </ClCompile>
    <ClCompile Include="Character.cpp">
      <Filter>source</Filter>
    </ClCompile>
    <ClCompile Include="Map.cpp">
      <Filter>source</Filter>
    </ClCompile>
    <ClCompile Include="itemManager.cpp">
      <Filter>source</Filter>
    </ClCompile>
    <ClCompile Include="Score.cpp">
      <Filter>source</Filter>
    </ClCompile>
    <ClCompile Include="MainmenuScene.cpp">
      <Filter>source</Filter>
    </ClCompile>
    <ClCompile Include="StrategyOfficeScene.cpp">
      <Filter>source</Filter>
    </ClCompile>
    <ClCompile Include="OptionScene.cpp">
      <Filter>source</Filter>
    </ClCompile>
    <ClCompile Include="RankScene.cpp">
      <Filter>source</Filter>
    </ClCompile>
    <ClCompile Include="GameSelectScene.cpp">
      <Filter>source</Filter>
    </ClCompile>
    <ClCompile Include="CharacterSelectScene.cpp">
      <Filter>source</Filter>
    </ClCompile>
    <ClCompile Include="ItemSelectScene.cpp">
      <Filter>source</Filter>
    </ClCompile>
    <ClCompile Include="temp.cpp">
      <Filter>source</Filter>
    </ClCompile>
    <ClCompile Include="global.cpp">
      <Filter>source</Filter>
    </ClCompile>
  </ItemGroup>
</Project>