
Microsoft Visual Studio Solution File, Format Version 12.00
# Visual Studio 2012
Project("{8BC9CEB8-8B4A-11D0-8D11-00A0C91BC942}") = "NameRunner.win32", "NameRunner\proj.win32\NameRunner.win32.vcxproj", "{94A90813-9EA4-4AFE-8A55-4B81E270DF3D}"
EndProject
Global
	GlobalSection(SolutionConfigurationPlatforms) = preSolution
		Debug|Win32 = Debug|Win32
		Release|Win32 = Release|Win32
	EndGlobalSection
	GlobalSection(ProjectConfigurationPlatforms) = postSolution
		{94A90813-9EA4-4AFE-8A55-4B81E270DF3D}.Debug|Win32.ActiveCfg = Debug|Win32
		{94A90813-9EA4-4AFE-8A55-4B81E270DF3D}.Debug|Win32.Build.0 = Debug|Win32
		{94A90813-9EA4-4AFE-8A55-4B81E270DF3D}.Release|Win32.ActiveCfg = Release|Win32
		{94A90813-9EA4-4AFE-8A55-4B81E270DF3D}.Release|Win32.Build.0 = Release|Win32
	EndGlobalSection
	GlobalSection(SolutionProperties) = preSolution
		HideSolutionNode = FALSE
	EndGlobalSection
EndGlobal
